
Microsoft Visual Studio Solution File, Format Version 11.00
# Visual Studio 2010
Project("{FAE04EC0-301F-11D3-BF4B-00C04F79EFBC}") = "Assembly-CSharp", "Assembly-CSharp.csproj", "{6DB54FFB-882D-F529-79BC-4537806C06B6}"
EndProject
Project("{FAE04EC0-301F-11D3-BF4B-00C04F79EFBC}") = "Assembly-CSharp-Editor", "Assembly-CSharp-Editor.csproj", "{101D647C-6432-63F5-0D71-528CAA5782AD}"
EndProject
Global
	GlobalSection(SolutionConfigurationPlatforms) = preSolution
		Debug|Any CPU = Debug|Any CPU
		Release|Any CPU = Release|Any CPU
	EndGlobalSection
	GlobalSection(ProjectConfigurationPlatforms) = postSolution
		{6DB54FFB-882D-F529-79BC-4537806C06B6}.Debug|Any CPU.ActiveCfg = Debug|Any CPU
		{6DB54FFB-882D-F529-79BC-4537806C06B6}.Debug|Any CPU.Build.0 = Debug|Any CPU
		{6DB54FFB-882D-F529-79BC-4537806C06B6}.Release|Any CPU.ActiveCfg = Release|Any CPU
		{6DB54FFB-882D-F529-79BC-4537806C06B6}.Release|Any CPU.Build.0 = Release|Any CPU
		{101D647C-6432-63F5-0D71-528CAA5782AD}.Debug|Any CPU.ActiveCfg = Debug|Any CPU
		{101D647C-6432-63F5-0D71-528CAA5782AD}.Debug|Any CPU.Build.0 = Debug|Any CPU
		{101D647C-6432-63F5-0D71-528CAA5782AD}.Release|Any CPU.ActiveCfg = Release|Any CPU
		{101D647C-6432-63F5-0D71-528CAA5782AD}.Release|Any CPU.Build.0 = Release|Any CPU
	EndGlobalSection
	GlobalSection(SolutionProperties) = preSolution
		HideSolutionNode = FALSE
	EndGlobalSection
	GlobalSection(MonoDevelopProperties) = preSolution
		StartupItem = Assembly-CSharp.csproj
	EndGlobalSection
EndGlobal
