
Microsoft Visual Studio Solution File, Format Version 11.00
# Visual Studio 2010
Project("{FAE04EC0-301F-11D3-BF4B-00C04F79EFBC}") = "VuforiaScripts", "VuforiaScripts.csproj", "{4E66062C-582B-87AC-59B1-63761E9029C0}"
EndProject
Project("{FAE04EC0-301F-11D3-BF4B-00C04F79EFBC}") = "VuforiaEditorScripts", "VuforiaEditorScripts.csproj", "{F91DB048-D598-B134-DEF9-8BFFC439EEE5}"
EndProject
Global
	GlobalSection(SolutionConfigurationPlatforms) = preSolution
		Debug|Any CPU = Debug|Any CPU
		Release|Any CPU = Release|Any CPU
	EndGlobalSection
	GlobalSection(ProjectConfigurationPlatforms) = postSolution
		{4E66062C-582B-87AC-59B1-63761E9029C0}.Debug|Any CPU.ActiveCfg = Debug|Any CPU
		{4E66062C-582B-87AC-59B1-63761E9029C0}.Debug|Any CPU.Build.0 = Debug|Any CPU
		{4E66062C-582B-87AC-59B1-63761E9029C0}.Release|Any CPU.ActiveCfg = Release|Any CPU
		{4E66062C-582B-87AC-59B1-63761E9029C0}.Release|Any CPU.Build.0 = Release|Any CPU
		{F91DB048-D598-B134-DEF9-8BFFC439EEE5}.Debug|Any CPU.ActiveCfg = Debug|Any CPU
		{F91DB048-D598-B134-DEF9-8BFFC439EEE5}.Debug|Any CPU.Build.0 = Debug|Any CPU
		{F91DB048-D598-B134-DEF9-8BFFC439EEE5}.Release|Any CPU.ActiveCfg = Release|Any CPU
		{F91DB048-D598-B134-DEF9-8BFFC439EEE5}.Release|Any CPU.Build.0 = Release|Any CPU
	EndGlobalSection
	GlobalSection(SolutionProperties) = preSolution
		HideSolutionNode = FALSE
	EndGlobalSection
	GlobalSection(MonoDevelopProperties) = preSolution
		StartupItem = Assembly-CSharp.csproj
	EndGlobalSection
EndGlobal
